
Microsoft Visual Studio Solution File, Format Version 12.00
# Visual Studio Version 17
VisualStudioVersion = 17.8.34322.80
MinimumVisualStudioVersion = 10.0.40219.1
Project("{9A19103F-16F7-4668-BE54-9A1E7A4F7556}") = "ListOfEmployees", "ListOfEmployees\ListOfEmployees.csproj", "{C27D0B83-9C95-47DB-9FBD-11B33E1BDFE1}"
EndProject
Project("{9A19103F-16F7-4668-BE54-9A1E7A4F7556}") = "ListOfEmployees__DomainModel", "ListOfEmployees__DomainModel\ListOfEmployees__DomainModel.csproj", "{0B266EAD-356C-45A5-80D8-DC1709810752}"
EndProject
Project("{9A19103F-16F7-4668-BE54-9A1E7A4F7556}") = "ListOfEmployees__BLL", "ListOfEmployees__BLL\ListOfEmployees__BLL.csproj", "{952EE8B2-67E3-4D6E-8236-EFC2F6C9AFEB}"
EndProject
Project("{FAE04EC0-301F-11D3-BF4B-00C04F79EFBC}") = "ListOfEmployees_DAL", "ListOfEmployees_DAL\ListOfEmployees_DAL.csproj", "{A002167D-6D96-4771-B497-B586F97D6DE0}"
EndProject
Global
	GlobalSection(SolutionConfigurationPlatforms) = preSolution
		Debug|Any CPU = Debug|Any CPU
		Release|Any CPU = Release|Any CPU
	EndGlobalSection
	GlobalSection(ProjectConfigurationPlatforms) = postSolution
		{C27D0B83-9C95-47DB-9FBD-11B33E1BDFE1}.Debug|Any CPU.ActiveCfg = Debug|Any CPU
		{C27D0B83-9C95-47DB-9FBD-11B33E1BDFE1}.Debug|Any CPU.Build.0 = Debug|Any CPU
		{C27D0B83-9C95-47DB-9FBD-11B33E1BDFE1}.Release|Any CPU.ActiveCfg = Release|Any CPU
		{C27D0B83-9C95-47DB-9FBD-11B33E1BDFE1}.Release|Any CPU.Build.0 = Release|Any CPU
		{0B266EAD-356C-45A5-80D8-DC1709810752}.Debug|Any CPU.ActiveCfg = Debug|Any CPU
		{0B266EAD-356C-45A5-80D8-DC1709810752}.Debug|Any CPU.Build.0 = Debug|Any CPU
		{0B266EAD-356C-45A5-80D8-DC1709810752}.Release|Any CPU.ActiveCfg = Release|Any CPU
		{0B266EAD-356C-45A5-80D8-DC1709810752}.Release|Any CPU.Build.0 = Release|Any CPU
		{952EE8B2-67E3-4D6E-8236-EFC2F6C9AFEB}.Debug|Any CPU.ActiveCfg = Debug|Any CPU
		{952EE8B2-67E3-4D6E-8236-EFC2F6C9AFEB}.Debug|Any CPU.Build.0 = Debug|Any CPU
		{952EE8B2-67E3-4D6E-8236-EFC2F6C9AFEB}.Release|Any CPU.ActiveCfg = Release|Any CPU
		{952EE8B2-67E3-4D6E-8236-EFC2F6C9AFEB}.Release|Any CPU.Build.0 = Release|Any CPU
		{A002167D-6D96-4771-B497-B586F97D6DE0}.Debug|Any CPU.ActiveCfg = Debug|Any CPU
		{A002167D-6D96-4771-B497-B586F97D6DE0}.Debug|Any CPU.Build.0 = Debug|Any CPU
		{A002167D-6D96-4771-B497-B586F97D6DE0}.Release|Any CPU.ActiveCfg = Release|Any CPU
		{A002167D-6D96-4771-B497-B586F97D6DE0}.Release|Any CPU.Build.0 = Release|Any CPU
	EndGlobalSection
	GlobalSection(SolutionProperties) = preSolution
		HideSolutionNode = FALSE
	EndGlobalSection
	GlobalSection(ExtensibilityGlobals) = postSolution
		SolutionGuid = {C21F49EE-DDA0-4CA2-9D0F-35C73F1DAF41}
	EndGlobalSection
EndGlobal
